lockfileVersion: '9.0'

settings:
  autoInstallPeers: true
  excludeLinksFromLockfile: false

importers:

  .:
    dependencies:
      '@ngrok/ngrok':
        specifier: ^1.7.0
        version: 1.7.0
    devDependencies:
      '@types/node':
        specifier: ^24.0.0
        version: 24.13.3
      typescript:
        specifier: ^5.9.0
        version: 5.9.3

packages:

  '@ngrok/ngrok-android-arm64@1.7.0':
    resolution: {integrity: sha512-8tco3ID6noSaNy+CMS7ewqPoIkIM6XO5COCzsUp3Wv3XEbMSyn65RN6cflX2JdqLfUCHcMyD0ahr9IEiHwqmbQ==}
    engines: {node: '>= 10'}
    cpu: [arm64]
    os: [android]

  '@ngrok/ngrok-darwin-arm64@1.7.0':
    resolution: {integrity: sha512-+dmJSOzSO+MNDVrPOca2yYDP1W3KfP4qOlAkarIeFRIfqonQwq3QCBmcR7HAlZocLsSqEwyG6KP4RRvAuT0WGQ==}
    engines: {node: '>= 10'}
    cpu: [arm64]
    os: [darwin]

  '@ngrok/ngrok-darwin-universal@1.7.0':
    resolution: {integrity: sha512-fDEfewyE2pWGFBhOSwQZObeHUkc65U1l+3HIgSOe094TMHsqmyJD0KTCgW9KSn0VP4OvDZbAISi1T3nvqgZYhQ==}
    engines: {node: '>= 10'}
    os: [darwin]

  '@ngrok/ngrok-darwin-x64@1.7.0':
    resolution: {integrity: sha512-+fwMi5uHd9G8BS42MMa9ye6exI5lwTcjUO6Ut497Vu0qgLONdVRenRqnEePV+Q3KtQR7NjqkMnomVfkr9MBjtw==}
    engines: {node: '>= 10'}
    cpu: [x64]
    os: [darwin]

  '@ngrok/ngrok-freebsd-x64@1.7.0':
    resolution: {integrity: sha512-2OGgbrjy3yLRrqAz5N6hlUKIWIXSpR5RjQa2chtZMsSbszQ6c9dI+uVQfOKAeo05tHMUgrYAZ7FocC+ig0dzdQ==}
    engines: {node: '>= 10'}
    cpu: [x64]
    os: [freebsd]

  '@ngrok/ngrok-linux-arm-gnueabihf@1.7.0':
    resolution: {integrity: sha512-SN9YIfEQiR9xN90QVNvdgvAemqMLoFVSeTWZs779145hQMhvF9Qd9rnWi6J+2uNNK10OczdV1oc/nq1es7u/3g==}
    engines: {node: '>= 10'}
    cpu: [arm]
    os: [linux]

  '@ngrok/ngrok-linux-arm64-gnu@1.7.0':
    resolution: {integrity: sha512-KDMgzPKFU2kbpVSaA2RZBBia5IPdJEe063YlyVFnSMJmPYWCUnMwdybBsucXfV9u1Lw/ZjKTKotIlbTWGn3HGw==}
    engines: {node: '>= 10'}
    cpu: [arm64]
    os: [linux]
    libc: [glibc]

  '@ngrok/ngrok-linux-arm64-musl@1.7.0':
    resolution: {integrity: sha512-e66vUdVrBlQ0lT9ZdamB4U604zt5Gualt8/WVcUGzbu8s5LajWd6g/mzZCUjK4UepjvMpfgmCp1/+rX7Rk8d5A==}
    engines: {node: '>= 10'}
    cpu: [arm64]
    os: [linux]
    libc: [musl]

  '@ngrok/ngrok-linux-x64-gnu@1.7.0':
    resolution: {integrity: sha512-M6gF0DyOEFqXLfWxObfL3bxYZ4+PnKBHuyLVaqNfFN9Y5utY2mdPOn5422Ppbk4XoIK5/YkuhRqPJl/9FivKEw==}
    engines: {node: '>= 10'}
    cpu: [x64]
    os: [linux]
    libc: [glibc]

  '@ngrok/ngrok-linux-x64-musl@1.7.0':
    resolution: {integrity: sha512-4Ijm0dKeoyzZTMaYxR2EiNjtlK81ebflg/WYIO1XtleFrVy4UJEGnxtxEidYoT4BfCqi4uvXiK2Mx216xXKvog==}
    engines: {node: '>= 10'}
    cpu: [x64]
    os: [linux]
    libc: [musl]

  '@ngrok/ngrok-win32-arm64-msvc@1.7.0':
    resolution: {integrity: sha512-u7qyWIJI2/YG1HTBnHwUR1+Z2tyGfAsUAItJK/+N1G0FeWJhIWQvSIFJHlaPy4oW1Dc8mSDBX9qvVsiQgLaRFg==}
    engines: {node: '>= 10'}
    cpu: [arm64]
    os: [win32]

  '@ngrok/ngrok-win32-ia32-msvc@1.7.0':
    resolution: {integrity: sha512-/UdYUsLNv/Q8j9YJsyIfq/jLCoD8WP+NidouucTUzSoDtmOsXBBT3itLrmPiZTEdEgKiFYLuC1Zon8XQQvbVLA==}
    engines: {node: '>= 10'}
    cpu: [ia32]
    os: [win32]

  '@ngrok/ngrok-win32-x64-msvc@1.7.0':
    resolution: {integrity: sha512-UFJg/duEWzZlLkEs61Gz6/5nYhGaKI62I8dvUGdBR3NCtIMagehnFaFxmnXZldyHmCM8U0aCIFNpWRaKcrQkoA==}
    engines: {node: '>= 10'}
    cpu: [x64]
    os: [win32]

  '@ngrok/ngrok@1.7.0':
    resolution: {integrity: sha512-P06o9TpxrJbiRbHQkiwy/rUrlXRupc+Z8KT4MiJfmcdWxvIdzjCaJOdnNkcOTs6DMyzIOefG5tvk/HLdtjqr0g==}
    engines: {node: '>= 10'}

  '@types/node@24.13.3':
    resolution: {integrity: sha512-Dh8vAsV36ig5wa9OX4pXvMc9D3Veibfw2wix0CUwYODLD8nkj9UsLjASr49nPg+2eKzxhBV+v7L8pXvT4e639Q==}

  typescript@5.9.3:
    resolution: {integrity: sha512-jl1vZzPDinLr9eUt3J/t7V6FgNEw9QjvBPdysz9KfQDD41fQrC2Y4vKQdiaUpFT4bXlb1RHhLpp8wtm6M5TgSw==}
    engines: {node: '>=14.17'}
    hasBin: true

  undici-types@7.18.2:
    resolution: {integrity: sha512-AsuCzffGHJybSaRrmr5eHr81mwJU3kjw6M+uprWvCXiNeN9SOGwQ3Jn8jb8m3Z6izVgknn1R0FTCEAP2QrLY/w==}

snapshots:

  '@ngrok/ngrok-android-arm64@1.7.0':
    optional: true

  '@ngrok/ngrok-darwin-arm64@1.7.0':
    optional: true

  '@ngrok/ngrok-darwin-universal@1.7.0':
    optional: true

  '@ngrok/ngrok-darwin-x64@1.7.0':
    optional: true

  '@ngrok/ngrok-freebsd-x64@1.7.0':
    optional: true

  '@ngrok/ngrok-linux-arm-gnueabihf@1.7.0':
    optional: true

  '@ngrok/ngrok-linux-arm64-gnu@1.7.0':
    optional: true

  '@ngrok/ngrok-linux-arm64-musl@1.7.0':
    optional: true

  '@ngrok/ngrok-linux-x64-gnu@1.7.0':
    optional: true

  '@ngrok/ngrok-linux-x64-musl@1.7.0':
    optional: true

  '@ngrok/ngrok-win32-arm64-msvc@1.7.0':
    optional: true

  '@ngrok/ngrok-win32-ia32-msvc@1.7.0':
    optional: true

  '@ngrok/ngrok-win32-x64-msvc@1.7.0':
    optional: true

  '@ngrok/ngrok@1.7.0':
    optionalDependencies:
      '@ngrok/ngrok-android-arm64': 1.7.0
      '@ngrok/ngrok-darwin-arm64': 1.7.0
      '@ngrok/ngrok-darwin-universal': 1.7.0
      '@ngrok/ngrok-darwin-x64': 1.7.0
      '@ngrok/ngrok-freebsd-x64': 1.7.0
      '@ngrok/ngrok-linux-arm-gnueabihf': 1.7.0
      '@ngrok/ngrok-linux-arm64-gnu': 1.7.0
      '@ngrok/ngrok-linux-arm64-musl': 1.7.0
      '@ngrok/ngrok-linux-x64-gnu': 1.7.0
      '@ngrok/ngrok-linux-x64-musl': 1.7.0
      '@ngrok/ngrok-win32-arm64-msvc': 1.7.0
      '@ngrok/ngrok-win32-ia32-msvc': 1.7.0
      '@ngrok/ngrok-win32-x64-msvc': 1.7.0

  '@types/node@24.13.3':
    dependencies:
      undici-types: 7.18.2

  typescript@5.9.3: {}

  undici-types@7.18.2: {}
